
Microsoft Visual Studio Solution File, Format Version 12.00
# Visual Studio 2013
VisualStudioVersion = 12.0.21005.1
MinimumVisualStudioVersion = 10.0.40219.1
Project("{FAE04EC0-301F-11D3-BF4B-00C04F79EFBC}") = "Data", "Data\Data.csproj", "{07969152-C997-4EF4-A681-332231426F7E}"
EndProject
Project("{FAE04EC0-301F-11D3-BF4B-00C04F79EFBC}") = "Data.EntityFramework", "EntityFramework\Data.EntityFramework.csproj", "{02DDCA49-CFA1-481B-B1F8-46219FB73773}"
EndProject
Project("{2150E333-8FDC-42A3-9474-1A3956D46DE8}") = ".nuget", ".nuget", "{56A33169-E204-455B-B5A1-551569E8B21E}"
	ProjectSection(SolutionItems) = preProject
		.nuget\NuGet.Config = .nuget\NuGet.Config
		.nuget\NuGet.exe = .nuget\NuGet.exe
		.nuget\NuGet.targets = .nuget\NuGet.targets
	EndProjectSection
EndProject
Project("{FAE04EC0-301F-11D3-BF4B-00C04F79EFBC}") = "Data.EntityFramework.Test", "Data.EntityFramework.Test\Data.EntityFramework.Test.csproj", "{2DFD879B-F2E4-4E15-987F-1BBFC7A6A1AB}"
EndProject
Global
	GlobalSection(TeamFoundationVersionControl) = preSolution
		SccNumberOfProjects = 4
		SccEnterpriseProvider = {4CA58AB2-18FA-4F8D-95D4-32DDF27D184C}
		SccTeamFoundationServer = https://tfs.takenet.com.br/tfs/defaultcollection
		SccLocalPath0 = .
		SccProjectUniqueName1 = Data\\Data.csproj
		SccProjectName1 = Data
		SccLocalPath1 = Data
		SccProjectUniqueName2 = EntityFramework\\Data.EntityFramework.csproj
		SccProjectName2 = EntityFramework
		SccLocalPath2 = EntityFramework
		SccProjectUniqueName3 = Data.EntityFramework.Test\\Data.EntityFramework.Test.csproj
		SccProjectName3 = Data.EntityFramework.Test
		SccLocalPath3 = Data.EntityFramework.Test
	EndGlobalSection
	GlobalSection(SolutionConfigurationPlatforms) = preSolution
		Debug|Any CPU = Debug|Any CPU
		Release|Any CPU = Release|Any CPU
	EndGlobalSection
	GlobalSection(ProjectConfigurationPlatforms) = postSolution
		{07969152-C997-4EF4-A681-332231426F7E}.Debug|Any CPU.ActiveCfg = Debug|Any CPU
		{07969152-C997-4EF4-A681-332231426F7E}.Debug|Any CPU.Build.0 = Debug|Any CPU
		{07969152-C997-4EF4-A681-332231426F7E}.Release|Any CPU.ActiveCfg = Release|Any CPU
		{07969152-C997-4EF4-A681-332231426F7E}.Release|Any CPU.Build.0 = Release|Any CPU
		{02DDCA49-CFA1-481B-B1F8-46219FB73773}.Debug|Any CPU.ActiveCfg = Debug|Any CPU
		{02DDCA49-CFA1-481B-B1F8-46219FB73773}.Debug|Any CPU.Build.0 = Debug|Any CPU
		{02DDCA49-CFA1-481B-B1F8-46219FB73773}.Release|Any CPU.ActiveCfg = Release|Any CPU
		{02DDCA49-CFA1-481B-B1F8-46219FB73773}.Release|Any CPU.Build.0 = Release|Any CPU
		{2DFD879B-F2E4-4E15-987F-1BBFC7A6A1AB}.Debug|Any CPU.ActiveCfg = Debug|Any CPU
		{2DFD879B-F2E4-4E15-987F-1BBFC7A6A1AB}.Debug|Any CPU.Build.0 = Debug|Any CPU
		{2DFD879B-F2E4-4E15-987F-1BBFC7A6A1AB}.Release|Any CPU.ActiveCfg = Release|Any CPU
		{2DFD879B-F2E4-4E15-987F-1BBFC7A6A1AB}.Release|Any CPU.Build.0 = Release|Any CPU
	EndGlobalSection
	GlobalSection(SolutionProperties) = preSolution
		HideSolutionNode = FALSE
	EndGlobalSection
EndGlobal
